
Microsoft Visual Studio Solution File, Format Version 12.00
# Visual Studio Version 16
VisualStudioVersion = 16.0.30907.101
MinimumVisualStudioVersion = 10.0.40219.1
Project("{FAE04EC0-301F-11D3-BF4B-00C04F79EFBC}") = "BlockbusterLab", "BlockbusterLab\BlockbusterLab.csproj", "{FD34CA1B-EE4B-471B-BB8B-174CBE75AC0A}"
EndProject
Global
	GlobalSection(SolutionConfigurationPlatforms) = preSolution
		Debug|Any CPU = Debug|Any CPU
		Release|Any CPU = Release|Any CPU
	EndGlobalSection
	GlobalSection(ProjectConfigurationPlatforms) = postSolution
		{FD34CA1B-EE4B-471B-BB8B-174CBE75AC0A}.Debug|Any CPU.ActiveCfg = Debug|Any CPU
		{FD34CA1B-EE4B-471B-BB8B-174CBE75AC0A}.Debug|Any CPU.Build.0 = Debug|Any CPU
		{FD34CA1B-EE4B-471B-BB8B-174CBE75AC0A}.Release|Any CPU.ActiveCfg = Release|Any CPU
		{FD34CA1B-EE4B-471B-BB8B-174CBE75AC0A}.Release|Any CPU.Build.0 = Release|Any CPU
	EndGlobalSection
	GlobalSection(SolutionProperties) = preSolution
		HideSolutionNode = FALSE
	EndGlobalSection
	GlobalSection(ExtensibilityGlobals) = postSolution
		SolutionGuid = {0FCC5184-C74A-4FEE-91AB-7181943F848A}
	EndGlobalSection
EndGlobal
